
Microsoft Visual Studio Solution File, Format Version 12.00
# Visual Studio Version 16
VisualStudioVersion = 16.0.29020.237
MinimumVisualStudioVersion = 10.0.40219.1
Project("{FAE04EC0-301F-11D3-BF4B-00C04F79EFBC}") = "Ratel.Web", "Ratel.Web\Ratel.Web.csproj", "{387A72D9-D5E0-4E08-84BD-93AE4B7D44C7}"
EndProject
Project("{FAE04EC0-301F-11D3-BF4B-00C04F79EFBC}") = "Ratel.Test", "Ratel.Test\Ratel.Test.csproj", "{B1DF0CE2-2A37-465B-ACEB-DCA238B90126}"
EndProject
Global
	GlobalSection(SolutionConfigurationPlatforms) = preSolution
		Debug|Any CPU = Debug|Any CPU
		Release|Any CPU = Release|Any CPU
	EndGlobalSection
	GlobalSection(ProjectConfigurationPlatforms) = postSolution
		{387A72D9-D5E0-4E08-84BD-93AE4B7D44C7}.Debug|Any CPU.ActiveCfg = Debug|Any CPU
		{387A72D9-D5E0-4E08-84BD-93AE4B7D44C7}.Debug|Any CPU.Build.0 = Debug|Any CPU
		{387A72D9-D5E0-4E08-84BD-93AE4B7D44C7}.Release|Any CPU.ActiveCfg = Release|Any CPU
		{387A72D9-D5E0-4E08-84BD-93AE4B7D44C7}.Release|Any CPU.Build.0 = Release|Any CPU
		{B1DF0CE2-2A37-465B-ACEB-DCA238B90126}.Debug|Any CPU.ActiveCfg = Debug|Any CPU
		{B1DF0CE2-2A37-465B-ACEB-DCA238B90126}.Debug|Any CPU.Build.0 = Debug|Any CPU
		{B1DF0CE2-2A37-465B-ACEB-DCA238B90126}.Release|Any CPU.ActiveCfg = Release|Any CPU
		{B1DF0CE2-2A37-465B-ACEB-DCA238B90126}.Release|Any CPU.Build.0 = Release|Any CPU
	EndGlobalSection
	GlobalSection(SolutionProperties) = preSolution
		HideSolutionNode = FALSE
	EndGlobalSection
	GlobalSection(ExtensibilityGlobals) = postSolution
		SolutionGuid = {45AF52D3-9D85-46D5-B0CB-B4E623C83DEA}
	EndGlobalSection
EndGlobal
